
Microsoft Visual Studio Solution File, Format Version 12.00
# Visual Studio 15
VisualStudioVersion = 15.0.28307.421
MinimumVisualStudioVersion = 10.0.40219.1
Project("{8BC9CEB8-8B4A-11D0-8D11-00A0C91BC942}") = "connector", "connector\connector.vcxproj", "{820BE972-B7F5-443D-BDDA-E4D931CF2F7D}"
EndProject
Project("{8BC9CEB8-8B4A-11D0-8D11-00A0C91BC942}") = "logicServer", "logicServer\logicServer.vcxproj", "{4CA9E1C2-1E54-4C7D-855D-8BA1A73F2EC2}"
EndProject
Project("{8BC9CEB8-8B4A-11D0-8D11-00A0C91BC942}") = "dbManager", "dbManager\dbManager.vcxproj", "{4A4EE0A2-1894-41F4-A940-76E7F474B72F}"
EndProject
Project("{8BC9CEB8-8B4A-11D0-8D11-00A0C91BC942}") = "authSever", "authServer\authSever.vcxproj", "{A7FB164C-87B2-45C6-A0AE-E8D769EA00E1}"
EndProject
Project("{8BC9CEB8-8B4A-11D0-8D11-00A0C91BC942}") = "client", "client\client.vcxproj", "{3A0DA939-2DF0-34BF-80DF-3A96AA79B025}"
EndProject
Global
	GlobalSection(SolutionConfigurationPlatforms) = preSolution
		Debug|x64 = Debug|x64
		Debug|x86 = Debug|x86
		Release|x64 = Release|x64
		Release|x86 = Release|x86
	EndGlobalSection
	GlobalSection(ProjectConfigurationPlatforms) = postSolution
		{820BE972-B7F5-443D-BDDA-E4D931CF2F7D}.Debug|x64.ActiveCfg = Debug|x64
		{820BE972-B7F5-443D-BDDA-E4D931CF2F7D}.Debug|x64.Build.0 = Debug|x64
		{820BE972-B7F5-443D-BDDA-E4D931CF2F7D}.Debug|x86.ActiveCfg = Debug|Win32
		{820BE972-B7F5-443D-BDDA-E4D931CF2F7D}.Debug|x86.Build.0 = Debug|Win32
		{820BE972-B7F5-443D-BDDA-E4D931CF2F7D}.Release|x64.ActiveCfg = Release|x64
		{820BE972-B7F5-443D-BDDA-E4D931CF2F7D}.Release|x64.Build.0 = Release|x64
		{820BE972-B7F5-443D-BDDA-E4D931CF2F7D}.Release|x86.ActiveCfg = Release|Win32
		{820BE972-B7F5-443D-BDDA-E4D931CF2F7D}.Release|x86.Build.0 = Release|Win32
		{4CA9E1C2-1E54-4C7D-855D-8BA1A73F2EC2}.Debug|x64.ActiveCfg = Debug|x64
		{4CA9E1C2-1E54-4C7D-855D-8BA1A73F2EC2}.Debug|x64.Build.0 = Debug|x64
		{4CA9E1C2-1E54-4C7D-855D-8BA1A73F2EC2}.Debug|x86.ActiveCfg = Debug|Win32
		{4CA9E1C2-1E54-4C7D-855D-8BA1A73F2EC2}.Debug|x86.Build.0 = Debug|Win32
		{4CA9E1C2-1E54-4C7D-855D-8BA1A73F2EC2}.Release|x64.ActiveCfg = Release|x64
		{4CA9E1C2-1E54-4C7D-855D-8BA1A73F2EC2}.Release|x64.Build.0 = Release|x64
		{4CA9E1C2-1E54-4C7D-855D-8BA1A73F2EC2}.Release|x86.ActiveCfg = Release|Win32
		{4CA9E1C2-1E54-4C7D-855D-8BA1A73F2EC2}.Release|x86.Build.0 = Release|Win32
		{4A4EE0A2-1894-41F4-A940-76E7F474B72F}.Debug|x64.ActiveCfg = Debug|x64
		{4A4EE0A2-1894-41F4-A940-76E7F474B72F}.Debug|x64.Build.0 = Debug|x64
		{4A4EE0A2-1894-41F4-A940-76E7F474B72F}.Debug|x86.ActiveCfg = Debug|Win32
		{4A4EE0A2-1894-41F4-A940-76E7F474B72F}.Debug|x86.Build.0 = Debug|Win32
		{4A4EE0A2-1894-41F4-A940-76E7F474B72F}.Release|x64.ActiveCfg = Release|x64
		{4A4EE0A2-1894-41F4-A940-76E7F474B72F}.Release|x64.Build.0 = Release|x64
		{4A4EE0A2-1894-41F4-A940-76E7F474B72F}.Release|x86.ActiveCfg = Release|Win32
		{4A4EE0A2-1894-41F4-A940-76E7F474B72F}.Release|x86.Build.0 = Release|Win32
		{A7FB164C-87B2-45C6-A0AE-E8D769EA00E1}.Debug|x64.ActiveCfg = Debug|x64
		{A7FB164C-87B2-45C6-A0AE-E8D769EA00E1}.Debug|x64.Build.0 = Debug|x64
		{A7FB164C-87B2-45C6-A0AE-E8D769EA00E1}.Debug|x86.ActiveCfg = Debug|Win32
		{A7FB164C-87B2-45C6-A0AE-E8D769EA00E1}.Debug|x86.Build.0 = Debug|Win32
		{A7FB164C-87B2-45C6-A0AE-E8D769EA00E1}.Release|x64.ActiveCfg = Release|x64
		{A7FB164C-87B2-45C6-A0AE-E8D769EA00E1}.Release|x64.Build.0 = Release|x64
		{A7FB164C-87B2-45C6-A0AE-E8D769EA00E1}.Release|x86.ActiveCfg = Release|Win32
		{A7FB164C-87B2-45C6-A0AE-E8D769EA00E1}.Release|x86.Build.0 = Release|Win32
		{3A0DA939-2DF0-34BF-80DF-3A96AA79B025}.Debug|x64.ActiveCfg = Debug|x64
		{3A0DA939-2DF0-34BF-80DF-3A96AA79B025}.Debug|x64.Build.0 = Debug|x64
		{3A0DA939-2DF0-34BF-80DF-3A96AA79B025}.Debug|x86.ActiveCfg = Debug|x64
		{3A0DA939-2DF0-34BF-80DF-3A96AA79B025}.Release|x64.ActiveCfg = Release|x64
		{3A0DA939-2DF0-34BF-80DF-3A96AA79B025}.Release|x64.Build.0 = Release|x64
		{3A0DA939-2DF0-34BF-80DF-3A96AA79B025}.Release|x86.ActiveCfg = Release|x64
	EndGlobalSection
	GlobalSection(SolutionProperties) = preSolution
		HideSolutionNode = FALSE
	EndGlobalSection
	GlobalSection(ExtensibilityGlobals) = postSolution
		SolutionGuid = {C831E566-F7E8-47A5-AC22-1BB3E17C67CB}
	EndGlobalSection
EndGlobal
