<?xml version="1.0" encoding="utf-8"?>
<Project ToolsVersion="4.0" xmlns="http://schemas.microsoft.com/developer/msbuild/2003">
  <ItemGroup>
    <Filter Include="源文件">
      <UniqueIdentifier>{4FC737F1-C7A5-4376-A066-2A32D752A2FF}</UniqueIdentifier>
      <Extensions>cpp;c;cc;cxx;def;odl;idl;hpj;bat;asm;asmx</Extensions>
    </Filter>
    <Filter Include="头文件">
      <UniqueIdentifier>{93995380-89BD-4b04-88EB-625FBE52EBFB}</UniqueIdentifier>
      <Extensions>h;hh;hpp;hxx;hm;inl;inc;ipp;xsd</Extensions>
    </Filter>
    <Filter Include="资源文件">
      <UniqueIdentifier>{67DA6AB6-F800-4c08-8B7A-83BB121AAD01}</UniqueIdentifier>
      <Extensions>rc;ico;cur;bmp;dlg;rc2;rct;bin;rgs;gif;jpg;jpeg;jpe;resx;tiff;tif;png;wav;mfcribbon-ms</Extensions>
    </Filter>
  </ItemGroup>
  <ItemGroup>
    <ClCompile Include="main.cpp">
      <Filter>源文件</Filter>
    </ClCompile>
    <ClCompile Include="..\common\src\DBManager.cpp">
      <Filter>源文件</Filter>
    </ClCompile>
    <ClCompile Include="..\common\src\DumpManager.cpp">
      <Filter>源文件</Filter>
    </ClCompile>
    <ClCompile Include="..\common\src\SessionManager.cpp">
      <Filter>源文件</Filter>
    </ClCompile>
    <ClCompile Include="..\common\include\WebManagerPair.cpp">
      <Filter>源文件</Filter>
    </ClCompile>
    <ClCompile Include="..\common\src\MessageQueueManager.cpp">
      <Filter>源文件</Filter>
    </ClCompile>
    <ClCompile Include="..\common\src\Utils.cpp">
      <Filter>源文件</Filter>
    </ClCompile>
    <ClCompile Include="NngRelateManager.cpp">
      <Filter>源文件</Filter>
    </ClCompile>
  </ItemGroup>
  <ItemGroup>
    <ClInclude Include="..\common\include\comm_def.h">
      <Filter>头文件</Filter>
    </ClInclude>
    <ClInclude Include="..\common\include\CustomForwardDeclare.h">
      <Filter>头文件</Filter>
    </ClInclude>
    <ClInclude Include="..\common\include\CustomMacro.h">
      <Filter>头文件</Filter>
    </ClInclude>
    <ClInclude Include="..\common\include\DBManager.h">
      <Filter>头文件</Filter>
    </ClInclude>
    <ClInclude Include="..\common\include\DumpManager.h">
      <Filter>头文件</Filter>
    </ClInclude>
    <ClInclude Include="..\common\include\JsonStructs.h">
      <Filter>头文件</Filter>
    </ClInclude>
    <ClInclude Include="..\common\include\SessionManager.h">
      <Filter>头文件</Filter>
    </ClInclude>
    <ClInclude Include="..\common\include\Utils.h">
      <Filter>头文件</Filter>
    </ClInclude>
    <ClInclude Include="..\common\include\WebBaseInterface.h">
      <Filter>头文件</Filter>
    </ClInclude>
    <ClInclude Include="..\common\include\WebManagerPair.h">
      <Filter>头文件</Filter>
    </ClInclude>
    <ClInclude Include="..\common\include\MessageQueueManager.h">
      <Filter>头文件</Filter>
    </ClInclude>
    <ClInclude Include="..\common\include\ProcManagerInterface.h">
      <Filter>头文件</Filter>
    </ClInclude>
    <ClInclude Include="NngRelateManager.h">
      <Filter>头文件</Filter>
    </ClInclude>
    <ClInclude Include="..\common\include\MacroDB.h">
      <Filter>头文件</Filter>
    </ClInclude>
  </ItemGroup>
</Project>